
Microsoft Visual Studio Solution File, Format Version 12.00
# Visual Studio Version 17
VisualStudioVersion = 17.9.34728.123
MinimumVisualStudioVersion = 10.0.40219.1
Project("{9A19103F-16F7-4668-BE54-9A1E7A4F7556}") = "OOP4", "OOP4\OOP4.csproj", "{84274824-32C0-476B-85AE-E632394DA3F1}"
EndProject
Global
	GlobalSection(SolutionConfigurationPlatforms) = preSolution
		Debug|Any CPU = Debug|Any CPU
		Release|Any CPU = Release|Any CPU
	EndGlobalSection
	GlobalSection(ProjectConfigurationPlatforms) = postSolution
		{84274824-32C0-476B-85AE-E632394DA3F1}.Debug|Any CPU.ActiveCfg = Debug|Any CPU
		{84274824-32C0-476B-85AE-E632394DA3F1}.Debug|Any CPU.Build.0 = Debug|Any CPU
		{84274824-32C0-476B-85AE-E632394DA3F1}.Release|Any CPU.ActiveCfg = Release|Any CPU
		{84274824-32C0-476B-85AE-E632394DA3F1}.Release|Any CPU.Build.0 = Release|Any CPU
	EndGlobalSection
	GlobalSection(SolutionProperties) = preSolution
		HideSolutionNode = FALSE
	EndGlobalSection
	GlobalSection(ExtensibilityGlobals) = postSolution
		SolutionGuid = {E32E9195-4BE6-444F-A252-3A174AD39478}
	EndGlobalSection
EndGlobal
