
Microsoft Visual Studio Solution File, Format Version 12.00
# Visual Studio Version 17
VisualStudioVersion = 17.9.34728.123
MinimumVisualStudioVersion = 10.0.40219.1
Project("{FAE04EC0-301F-11D3-BF4B-00C04F79EFBC}") = "SessionThreePart2", "SessionThreePart2\SessionThreePart2.csproj", "{FC763BB7-0E6D-409D-A71A-4ACFFE0CB1EC}"
EndProject
Global
	GlobalSection(SolutionConfigurationPlatforms) = preSolution
		Debug|Any CPU = Debug|Any CPU
		Release|Any CPU = Release|Any CPU
	EndGlobalSection
	GlobalSection(ProjectConfigurationPlatforms) = postSolution
		{FC763BB7-0E6D-409D-A71A-4ACFFE0CB1EC}.Debug|Any CPU.ActiveCfg = Debug|Any CPU
		{FC763BB7-0E6D-409D-A71A-4ACFFE0CB1EC}.Debug|Any CPU.Build.0 = Debug|Any CPU
		{FC763BB7-0E6D-409D-A71A-4ACFFE0CB1EC}.Release|Any CPU.ActiveCfg = Release|Any CPU
		{FC763BB7-0E6D-409D-A71A-4ACFFE0CB1EC}.Release|Any CPU.Build.0 = Release|Any CPU
	EndGlobalSection
	GlobalSection(SolutionProperties) = preSolution
		HideSolutionNode = FALSE
	EndGlobalSection
	GlobalSection(ExtensibilityGlobals) = postSolution
		SolutionGuid = {A3E07B87-2715-4DDF-BFA9-4313ACB66788}
	EndGlobalSection
EndGlobal
